
Microsoft Visual Studio Solution File, Format Version 12.00
# Visual Studio 15
VisualStudioVersion = 15.0.28307.852
MinimumVisualStudioVersion = 10.0.40219.1
Project("{8BC9CEB8-8B4A-11D0-8D11-00A0C91BC942}") = "VS2017", "VS2017\VS2017.vcxproj", "{19B1032B-A118-41F0-AB84-509D38580C81}"
EndProject
Project("{8BC9CEB8-8B4A-11D0-8D11-00A0C91BC942}") = "luac", "luac\luac.vcxproj", "{DEF6E273-5484-4D6E-9597-4669B626DDC4}"
EndProject
Project("{8BC9CEB8-8B4A-11D0-8D11-00A0C91BC942}") = "luadll", "luadll\luadll.vcxproj", "{5C3FD3DE-A399-4637-BCD5-0D2F80221354}"
EndProject
Project("{8BC9CEB8-8B4A-11D0-8D11-00A0C91BC942}") = "lua", "lua\lua.vcxproj", "{ECBF1598-FEEC-4C8E-A599-97FF4F3E51B5}"
EndProject
Project("{8BC9CEB8-8B4A-11D0-8D11-00A0C91BC942}") = "MyUtil", "MyUtil\MyUtil.vcxproj", "{8A4A4CE1-9742-4F53-87F9-F6FE446ABA14}"
EndProject
Project("{8BC9CEB8-8B4A-11D0-8D11-00A0C91BC942}") = "CPPCallLua", "CPPCallLua\CPPCallLua.vcxproj", "{4455FF7F-4357-41F2-9F9B-1E773D8B01FC}"
EndProject
Global
	GlobalSection(SolutionConfigurationPlatforms) = preSolution
		Debug|x64 = Debug|x64
		Debug|x86 = Debug|x86
		Release|x64 = Release|x64
		Release|x86 = Release|x86
	EndGlobalSection
	GlobalSection(ProjectConfigurationPlatforms) = postSolution
		{19B1032B-A118-41F0-AB84-509D38580C81}.Debug|x64.ActiveCfg = Debug|x64
		{19B1032B-A118-41F0-AB84-509D38580C81}.Debug|x64.Build.0 = Debug|x64
		{19B1032B-A118-41F0-AB84-509D38580C81}.Debug|x86.ActiveCfg = Debug|Win32
		{19B1032B-A118-41F0-AB84-509D38580C81}.Debug|x86.Build.0 = Debug|Win32
		{19B1032B-A118-41F0-AB84-509D38580C81}.Release|x64.ActiveCfg = Release|x64
		{19B1032B-A118-41F0-AB84-509D38580C81}.Release|x64.Build.0 = Release|x64
		{19B1032B-A118-41F0-AB84-509D38580C81}.Release|x86.ActiveCfg = Release|Win32
		{19B1032B-A118-41F0-AB84-509D38580C81}.Release|x86.Build.0 = Release|Win32
		{DEF6E273-5484-4D6E-9597-4669B626DDC4}.Debug|x64.ActiveCfg = Debug|x64
		{DEF6E273-5484-4D6E-9597-4669B626DDC4}.Debug|x64.Build.0 = Debug|x64
		{DEF6E273-5484-4D6E-9597-4669B626DDC4}.Debug|x86.ActiveCfg = Debug|Win32
		{DEF6E273-5484-4D6E-9597-4669B626DDC4}.Debug|x86.Build.0 = Debug|Win32
		{DEF6E273-5484-4D6E-9597-4669B626DDC4}.Release|x64.ActiveCfg = Release|x64
		{DEF6E273-5484-4D6E-9597-4669B626DDC4}.Release|x64.Build.0 = Release|x64
		{DEF6E273-5484-4D6E-9597-4669B626DDC4}.Release|x86.ActiveCfg = Release|Win32
		{DEF6E273-5484-4D6E-9597-4669B626DDC4}.Release|x86.Build.0 = Release|Win32
		{5C3FD3DE-A399-4637-BCD5-0D2F80221354}.Debug|x64.ActiveCfg = Debug|x64
		{5C3FD3DE-A399-4637-BCD5-0D2F80221354}.Debug|x64.Build.0 = Debug|x64
		{5C3FD3DE-A399-4637-BCD5-0D2F80221354}.Debug|x86.ActiveCfg = Debug|Win32
		{5C3FD3DE-A399-4637-BCD5-0D2F80221354}.Debug|x86.Build.0 = Debug|Win32
		{5C3FD3DE-A399-4637-BCD5-0D2F80221354}.Release|x64.ActiveCfg = Release|x64
		{5C3FD3DE-A399-4637-BCD5-0D2F80221354}.Release|x64.Build.0 = Release|x64
		{5C3FD3DE-A399-4637-BCD5-0D2F80221354}.Release|x86.ActiveCfg = Release|Win32
		{5C3FD3DE-A399-4637-BCD5-0D2F80221354}.Release|x86.Build.0 = Release|Win32
		{ECBF1598-FEEC-4C8E-A599-97FF4F3E51B5}.Debug|x64.ActiveCfg = Debug|x64
		{ECBF1598-FEEC-4C8E-A599-97FF4F3E51B5}.Debug|x64.Build.0 = Debug|x64
		{ECBF1598-FEEC-4C8E-A599-97FF4F3E51B5}.Debug|x86.ActiveCfg = Debug|Win32
		{ECBF1598-FEEC-4C8E-A599-97FF4F3E51B5}.Debug|x86.Build.0 = Debug|Win32
		{ECBF1598-FEEC-4C8E-A599-97FF4F3E51B5}.Release|x64.ActiveCfg = Release|x64
		{ECBF1598-FEEC-4C8E-A599-97FF4F3E51B5}.Release|x64.Build.0 = Release|x64
		{ECBF1598-FEEC-4C8E-A599-97FF4F3E51B5}.Release|x86.ActiveCfg = Release|Win32
		{ECBF1598-FEEC-4C8E-A599-97FF4F3E51B5}.Release|x86.Build.0 = Release|Win32
		{8A4A4CE1-9742-4F53-87F9-F6FE446ABA14}.Debug|x64.ActiveCfg = Debug|x64
		{8A4A4CE1-9742-4F53-87F9-F6FE446ABA14}.Debug|x64.Build.0 = Debug|x64
		{8A4A4CE1-9742-4F53-87F9-F6FE446ABA14}.Debug|x86.ActiveCfg = Debug|Win32
		{8A4A4CE1-9742-4F53-87F9-F6FE446ABA14}.Debug|x86.Build.0 = Debug|Win32
		{8A4A4CE1-9742-4F53-87F9-F6FE446ABA14}.Release|x64.ActiveCfg = Release|x64
		{8A4A4CE1-9742-4F53-87F9-F6FE446ABA14}.Release|x64.Build.0 = Release|x64
		{8A4A4CE1-9742-4F53-87F9-F6FE446ABA14}.Release|x86.ActiveCfg = Release|Win32
		{8A4A4CE1-9742-4F53-87F9-F6FE446ABA14}.Release|x86.Build.0 = Release|Win32
		{4455FF7F-4357-41F2-9F9B-1E773D8B01FC}.Debug|x64.ActiveCfg = Debug|x64
		{4455FF7F-4357-41F2-9F9B-1E773D8B01FC}.Debug|x64.Build.0 = Debug|x64
		{4455FF7F-4357-41F2-9F9B-1E773D8B01FC}.Debug|x86.ActiveCfg = Debug|Win32
		{4455FF7F-4357-41F2-9F9B-1E773D8B01FC}.Debug|x86.Build.0 = Debug|Win32
		{4455FF7F-4357-41F2-9F9B-1E773D8B01FC}.Release|x64.ActiveCfg = Release|x64
		{4455FF7F-4357-41F2-9F9B-1E773D8B01FC}.Release|x64.Build.0 = Release|x64
		{4455FF7F-4357-41F2-9F9B-1E773D8B01FC}.Release|x86.ActiveCfg = Release|Win32
		{4455FF7F-4357-41F2-9F9B-1E773D8B01FC}.Release|x86.Build.0 = Release|Win32
	EndGlobalSection
	GlobalSection(SolutionProperties) = preSolution
		HideSolutionNode = FALSE
	EndGlobalSection
	GlobalSection(ExtensibilityGlobals) = postSolution
		SolutionGuid = {D5734274-0DB9-47C2-81E2-4949495E7DFA}
	EndGlobalSection
EndGlobal
